- link: /tutorial/stats/mvpa_light.md
  title: Classification of event-related MEG data using MVPA-Light
- link: /tutorial/stats/cluster_permutation_timelock.md
  title: Cluster-based permutation tests on event-related fields
- link: /tutorial/sensor/eventrelatedaveraging.md
  title: Event-related averaging and MEG planar gradient
- link: /example/source/dipolefit_somatosensory_erf.md
  title: Fit a dipole to the tactile ERF after mechanical stimulation
- link: /workshop/paris2019/handson_raw2erp.md
  title: From raw data to ERP
- link: /workshop/paris2019/handson_groupanalysis.md
  title: Group analysis
- link: /workshop/practicalmeeg2022/handson_groupanalysis.md
  title: Group-level statistics with parametric and non-parametric methods
- link: /workshop/practicalmeeg2025/handson_groupanalysis.md
  title: Group-level statistics with parametric and non-parametric methods
- link: /tutorial/intro/introduction.md
  title: Introduction to the FieldTrip toolbox
- link: /workshop/practicalmeeg2025/handson_mvpa.md
  title: Multi-variate pattern analysis (MVPA)
- link: /tutorial/stats/eventrelatedstatistics.md
  title: Parametric and non-parametric statistics on event-related fields
- link: /tutorial/sensor/preprocessing_erp.md
  title: Preprocessing of EEG data and computing ERPs
- link: /workshop/practicalmeeg2022/handson_raw2erp.md
  title: Preprocessing raw data and computing ERPs/ERFs
- link: /workshop/practicalmeeg2025/handson_raw2erp.md
  title: Preprocessing raw data and computing ERPs/ERFs
- link: /workshop/oxford2019/sensor_analysis_plusminus.md
  title: Reading in data and performing sensor-level ERF and TFR analyses
- link: /reference.md
  title: Reference documentation
- link: /tutorial/sensor/sensor_analysis.md
  title: Sensor-level ERF, TFR and connectivity analyses
- link: /tutorial/source/minimumnormestimate.md
  title: Source reconstruction of event-related fields using minimum-norm estimation
- link: /faq/preproc/artifact/preproc_filtertypes.md
  title: What kind of filters can I apply to my data?
