- name:  Reference documentation
  link:  /reference

- name:  Multivariate analysis of electrophysiological data
  link:  /tutorial/multivariateanalysis

- name:  Sensor-level ERF, TFR and connectivity analyses
  link:  /tutorial/sensor_analysis

- name:  Cluster-based permutation tests on event related fields
  link:  /tutorial/cluster_permutation_timelock

- name:  Event related averaging and MEG planar gradient
  link:  /tutorial/eventrelatedaveraging

- name:  Introduction to the FieldTrip toolbox
  link:  /tutorial/introduction

- name:  Preprocessing of EEG data and computing ERPs
  link:  /tutorial/preprocessing_erp

- name:  Parametric and non-parametric statistics on event-related fields
  link:  /tutorial/eventrelatedstatistics

- name:  Source reconstruction of event-related fields using minimum-norm estimation
  link:  /tutorial/minimumnormestimate

- name:  What kind of filters can I apply to my data?
  link:  /faq/what_kind_of_filters_can_i_apply_to_my_data

- name:  Fit a dipole to the tactile ERF after mechanical stimulation
  link:  /example/fit_a_dipole_to_the_tactile_erf_after_mechanical_stimulation

