- title:  Fit a dipole to the tactile ERF after mechanical stimulation
  link:  /example/source/dipolefit_somatosensory_erf

- title:  What kind of filters can I apply to my data?
  link:  /faq/preproc/artifact/preproc_filtertypes

- title:  Reference documentation
  link:  /reference

- title:  Introduction to the FieldTrip toolbox
  link:  /tutorial/intro/introduction

- title:  Event-related averaging and MEG planar gradient
  link:  /tutorial/sensor/eventrelatedaveraging

- title:  Preprocessing of EEG data and computing ERPs
  link:  /tutorial/sensor/preprocessing_erp

- title:  Sensor-level ERF, TFR and connectivity analyses
  link:  /tutorial/sensor/sensor_analysis

- title:  Source reconstruction of event-related fields using minimum-norm estimation
  link:  /tutorial/source/minimumnormestimate

- title:  Cluster-based permutation tests on event-related fields
  link:  /tutorial/stats/cluster_permutation_timelock

- title:  Parametric and non-parametric statistics on event-related fields
  link:  /tutorial/stats/eventrelatedstatistics

- title:  Classification of event-related MEG data using MVPA-Light
  link:  /tutorial/stats/mvpa_light

- title:  Reading in data and performing sensor-level ERF and TFR analyses
  link:  /workshop/oxford2019/sensor_analysis_plusminus

- title:  Group analysis
  link:  /workshop/paris2019/handson_groupanalysis

- title:  From raw data to ERP
  link:  /workshop/paris2019/handson_raw2erp

- title:  Group-level statistics with parametric and non-parametric methods
  link:  /workshop/practicalmeeg2022/handson_groupanalysis

- title:  Preprocessing raw data and computing ERPs/ERFs
  link:  /workshop/practicalmeeg2022/handson_raw2erp

